{
  "name": "addon",
  "lockfileVersion": 2,
  "requires": true,
  "packages": {
    "": {
      "dependencies": {
        "@types/mojang-minecraft": "^0.1.7",
        "@types/mojang-net": "^0.1.1"
      }
    },
    "node_modules/@types/mojang-minecraft": {
      "version": "0.1.7",
      "resolved": "https://registry.npmjs.org/@types/mojang-minecraft/-/mojang-minecraft-0.1.7.tgz",
      "integrity": "sha512-7YkG0SQYJCaqSm6J2SOHpnVjFJXzrx55Jc9FYUM7u/J7LIxnPhG3BKX85S50YLFYqgTFHW0wlBBx9oLLM0oP6A=="
    },
    "node_modules/@types/mojang-minecraft-server-admin": {
      "version": "0.1.1",
      "resolved": "https://registry.npmjs.org/@types/mojang-minecraft-server-admin/-/mojang-minecraft-server-admin-0.1.1.tgz",
      "integrity": "sha512-WHtDgFzC1nUf/blF83/60VNhNtTJmK6hzXunEs2rb8ADEOspJeR5m6RDYNkzDUnD/bNz03duX1c97oeRmD43vw=="
    },
    "node_modules/@types/mojang-net": {
      "version": "0.1.1",
      "resolved": "https://registry.npmjs.org/@types/mojang-net/-/mojang-net-0.1.1.tgz",
      "integrity": "sha512-pUo3YNgylHKKDks+paedr1YjLPHC37uUjtl94J7KIta+XqQuh1z9+uZfxkycFLFyd2tGC2lFOeyQ9qf7jA8jbw==",
      "dependencies": {
        "@types/mojang-minecraft-server-admin": "*"
      }
    }
  },
  "dependencies": {
    "@types/mojang-minecraft": {
      "version": "0.1.7",
      "resolved": "https://registry.npmjs.org/@types/mojang-minecraft/-/mojang-minecraft-0.1.7.tgz",
      "integrity": "sha512-7YkG0SQYJCaqSm6J2SOHpnVjFJXzrx55Jc9FYUM7u/J7LIxnPhG3BKX85S50YLFYqgTFHW0wlBBx9oLLM0oP6A=="
    },
    "@types/mojang-minecraft-server-admin": {
      "version": "0.1.1",
      "resolved": "https://registry.npmjs.org/@types/mojang-minecraft-server-admin/-/mojang-minecraft-server-admin-0.1.1.tgz",
      "integrity": "sha512-WHtDgFzC1nUf/blF83/60VNhNtTJmK6hzXunEs2rb8ADEOspJeR5m6RDYNkzDUnD/bNz03duX1c97oeRmD43vw=="
    },
    "@types/mojang-net": {
      "version": "0.1.1",
      "resolved": "https://registry.npmjs.org/@types/mojang-net/-/mojang-net-0.1.1.tgz",
      "integrity": "sha512-pUo3YNgylHKKDks+paedr1YjLPHC37uUjtl94J7KIta+XqQuh1z9+uZfxkycFLFyd2tGC2lFOeyQ9qf7jA8jbw==",
      "requires": {
        "@types/mojang-minecraft-server-admin": "*"
      }
    }
  }
}
